// !$*UTF8*$!
{
	archiveVersion = 1;
	classes = {
	};
	objectVersion = 46;
	objects = {

/* Begin PBXBuildFile section */
		0828A057198291AA009393DF /* AppDelegate.swift in Sources */ = {isa = PBXBuildFile; fileRef = 0828A056198291AA009393DF /* AppDelegate.swift */; };
		0828A059198291AA009393DF /* Images.xcassets in Resources */ = {isa = PBXBuildFile; fileRef = 0828A058198291AA009393DF /* Images.xcassets */; };
		0828A065198291AA009393DF /* Map_swiftTests.swift in Sources */ = {isa = PBXBuildFile; fileRef = 0828A064198291AA009393DF /* Map_swiftTests.swift */; };
/* End PBXBuildFile section */

/* Begin PBXContainerItemProxy section */
		0828A05F198291AA009393DF /* PBXContainerItemProxy */ = {
			isa = PBXContainerItemProxy;
			containerPortal = 0828A049198291A9009393DF /* Project object */;
			proxyType = 1;
			remoteGlobalIDString = 0828A050198291AA009393DF;
			remoteInfo = "Map-swift";
		};
/* End PBXContainerItemProxy section */

/* Begin PBXFileReference section */
		0828A051198291AA009393DF /* Map-swift.app */ = {isa = PBXFileReference; explicitFileType = wrapper.application; includeInIndex = 0; path = "Map-swift.app"; sourceTree = BUILT_PRODUCTS_DIR; };
		0828A055198291AA009393DF /* Info.plist */ = {isa = PBXFileReference; lastKnownFileType = text.plist.xml; path = Info.plist; sourceTree = "<group>"; };
		0828A056198291AA009393DF /* AppDelegate.swift */ = {isa = PBXFileReference; lastKnownFileType = sourcecode.swift; path = AppDelegate.swift; sourceTree = "<group>"; };
		0828A058198291AA009393DF /* Images.xcassets */ = {isa = PBXFileReference; lastKnownFileType = folder.assetcatalog; path = Images.xcassets; sourceTree = "<group>"; };
		0828A05E198291AA009393DF /* Map-swiftTests.xctest */ = {isa = PBXFileReference; explicitFileType = wrapper.cfbundle; includeInIndex = 0; path = "Map-swiftTests.xctest"; sourceTree = BUILT_PRODUCTS_DIR; };
		0828A063198291AA009393DF /* Info.plist */ = {isa = PBXFileReference; lastKnownFileType = text.plist.xml; path = Info.plist; sourceTree = "<group>"; };
		0828A064198291AA009393DF /* Map_swiftTests.swift */ = {isa = PBXFileReference; lastKnownFileType = sourcecode.swift; path = Map_swiftTests.swift; sourceTree = "<group>"; };
/* End PBXFileReference section */

/* Begin PBXFrameworksBuildPhase section */
		0828A04E198291AA009393DF /* Frameworks */ = {
			isa = PBXFrameworksBuildPhase;
			buildActionMask = 2147483647;
			files = (
			);
			runOnlyForDeploymentPostprocessing = 0;
		};
		0828A05B198291AA009393DF /* Frameworks */ = {
			isa = PBXFrameworksBuildPhase;
			buildActionMask = 2147483647;
			files = (
			);
			runOnlyForDeploymentPostprocessing = 0;
		};
/* End PBXFrameworksBuildPhase section */

/* Begin PBXGroup section */
		0828A048198291A9009393DF = {
			isa = PBXGroup;
			children = (
				0828A053198291AA009393DF /* Map-swift */,
				0828A061198291AA009393DF /* Map-swiftTests */,
				0828A052198291AA009393DF /* Products */,
			);
			sourceTree = "<group>";
		};
		0828A052198291AA009393DF /* Products */ = {
			isa = PBXGroup;
			children = (
				0828A051198291AA009393DF /* Map-swift.app */,
				0828A05E198291AA009393DF /* Map-swiftTests.xctest */,
			);
			name = Products;
			sourceTree = "<group>";
		};
		0828A053198291AA009393DF /* Map-swift */ = {
			isa = PBXGroup;
			children = (
				0828A056198291AA009393DF /* AppDelegate.swift */,
				0828A058198291AA009393DF /* Images.xcassets */,
				0828A054198291AA009393DF /* Supporting Files */,
			);
			path = "Map-swift";
			sourceTree = "<group>";
		};
		0828A054198291AA009393DF /* Supporting Files */ = {
			isa = PBXGroup;
			children = (
				0828A055198291AA009393DF /* Info.plist */,
			);
			name = "Supporting Files";
			sourceTree = "<group>";
		};
		0828A061198291AA009393DF /* Map-swiftTests */ = {
			isa = PBXGroup;
			children = (
				0828A064198291AA009393DF /* Map_swiftTests.swift */,
				0828A062198291AA009393DF /* Supporting Files */,
			);
			path = "Map-swiftTests";
			sourceTree = "<group>";
		};
		0828A062198291AA009393DF /* Supporting Files */ = {
			isa = PBXGroup;
			children = (
				0828A063198291AA009393DF /* Info.plist */,
			);
			name = "Supporting Files";
			sourceTree = "<group>";
		};
/* End PBXGroup section */

/* Begin PBXNativeTarget section */
		0828A050198291AA009393DF /* Map-swift */ = {
			isa = PBXNativeTarget;
			buildConfigurationList = 0828A068198291AA009393DF /* Build configuration list for PBXNativeTarget "Map-swift" */;
			buildPhases = (
				0828A04D198291AA009393DF /* Sources */,
				0828A04E198291AA009393DF /* Frameworks */,
				0828A04F198291AA009393DF /* Resources */,
			);
			buildRules = (
			);
			dependencies = (
			);
			name = "Map-swift";
			productName = "Map-swift";
			productReference = 0828A051198291AA009393DF /* Map-swift.app */;
			productType = "com.apple.product-type.application";
		};
		0828A05D198291AA009393DF /* Map-swiftTests */ = {
			isa = PBXNativeTarget;
			buildConfigurationList = 0828A06B198291AA009393DF /* Build configuration list for PBXNativeTarget "Map-swiftTests" */;
			buildPhases = (
				0828A05A198291AA009393DF /* Sources */,
				0828A05B198291AA009393DF /* Frameworks */,
				0828A05C198291AA009393DF /* Resources */,
			);
			buildRules = (
			);
			dependencies = (
				0828A060198291AA009393DF /* PBXTargetDependency */,
			);
			name = "Map-swiftTests";
			productName = "Map-swiftTests";
			productReference = 0828A05E198291AA009393DF /* Map-swiftTests.xctest */;
			productType = "com.apple.product-type.bundle.unit-test";
		};
/* End PBXNativeTarget section */

/* Begin PBXProject section */
		0828A049198291A9009393DF /* Project object */ = {
			isa = PBXProject;
			attributes = {
				LastUpgradeCheck = 0600;
				ORGANIZATIONNAME = Gazolla;
				TargetAttributes = {
					0828A050198291AA009393DF = {
						CreatedOnToolsVersion = 6.0;
					};
					0828A05D198291AA009393DF = {
						CreatedOnToolsVersion = 6.0;
						TestTargetID = 0828A050198291AA009393DF;
					};
				};
			};
			buildConfigurationList = 0828A04C198291AA009393DF /* Build configuration list for PBXProject "Map-swift" */;
			compatibilityVersion = "Xcode 3.2";
			developmentRegion = English;
			hasScannedForEncodings = 0;
			knownRegions = (
				en,
			);
			mainGroup = 0828A048198291A9009393DF;
			productRefGroup = 0828A052198291AA009393DF /* Products */;
			projectDirPath = "";
			projectRoot = "";
			targets = (
				0828A050198291AA009393DF /* Map-swift */,
				0828A05D198291AA009393DF /* Map-swiftTests */,
			);
		};
/* End PBXProject section */

/* Begin PBXResourcesBuildPhase section */
		0828A04F198291AA009393DF /* Resources */ = {
			isa = PBXResourcesBuildPhase;
			buildActionMask = 2147483647;
			files = (
				0828A059198291AA009393DF /* Images.xcassets in Resources */,
			);
			runOnlyForDeploymentPostprocessing = 0;
		};
		0828A05C198291AA009393DF /* Resources */ = {
			isa = PBXResourcesBuildPhase;
			buildActionMask = 2147483647;
			files = (
			);
			runOnlyForDeploymentPostprocessing = 0;
		};
/* End PBXResourcesBuildPhase section */

/* Begin PBXSourcesBuildPhase section */
		0828A04D198291AA009393DF /* Sources */ = {
			isa = PBXSourcesBuildPhase;
			buildActionMask = 2147483647;
			files = (
				0828A057198291AA009393DF /* AppDelegate.swift in Sources */,
			);
			runOnlyForDeploymentPostprocessing = 0;
		};
		0828A05A198291AA009393DF /* Sources */ = {
			isa = PBXSourcesBuildPhase;
			buildActionMask = 2147483647;
			files = (
				0828A065198291AA009393DF /* Map_swiftTests.swift in Sources */,
			);
			runOnlyForDeploymentPostprocessing = 0;
		};
/* End PBXSourcesBuildPhase section */

/* Begin PBXTargetDependency section */
		0828A060198291AA009393DF /* PBXTargetDependency */ = {
			isa = PBXTargetDependency;
			target = 0828A050198291AA009393DF /* Map-swift */;
			targetProxy = 0828A05F198291AA009393DF /* PBXContainerItemProxy */;
		};
/* End PBXTargetDependency section */

/* Begin XCBuildConfiguration section */
		0828A066198291AA009393DF /* Debug */ = {
			isa = XCBuildConfiguration;
			buildSettings = {
				ALWAYS_SEARCH_USER_PATHS = NO;
				CLANG_CXX_LANGUAGE_STANDARD = "gnu++0x";
				CLANG_CXX_LIBRARY = "libc++";
				CLANG_ENABLE_MODULES = YES;
				CLANG_ENABLE_OBJC_ARC = YES;
				CLANG_WARN_BOOL_CONVERSION = YES;
				CLANG_WARN_CONSTANT_CONVERSION = YES;
				CLANG_WARN_DIRECT_OBJC_ISA_USAGE = YES_ERROR;
				CLANG_WARN_EMPTY_BODY = YES;
				CLANG_WARN_ENUM_CONVERSION = YES;
				CLANG_WARN_INT_CONVERSION = YES;
				CLANG_WARN_OBJC_ROOT_CLASS = YES_ERROR;
				CLANG_WARN_UNREACHABLE_CODE = YES;
				CLANG_WARN__DUPLICATE_METHOD_MATCH = YES;
				"CODE_SIGN_IDENTITY[sdk=iphoneos*]" = "iPhone Developer";
				COPY_PHASE_STRIP = NO;
				ENABLE_STRICT_OBJC_MSGSEND = YES;
				GCC_C_LANGUAGE_STANDARD = gnu99;
				GCC_DYNAMIC_NO_PIC = NO;
				GCC_OPTIMIZATION_LEVEL = 0;
				GCC_PREPROCESSOR_DEFINITIONS = (
					"DEBUG=1",
					"$(inherited)",
				);
				GCC_SYMBOLS_PRIVATE_EXTERN = NO;
				GCC_WARN_64_TO_32_BIT_CONVERSION = YES;
				GCC_WARN_ABOUT_RETURN_TYPE = YES_ERROR;
				GCC_WARN_UNDECLARED_SELECTOR = YES;
				GCC_WARN_UNINITIALIZED_AUTOS = YES_AGGRESSIVE;
				GCC_WARN_UNUSED_FUNCTION = YES;
				GCC_WARN_UNUSED_VARIABLE = YES;
				IPHONEOS_DEPLOYMENT_TARGET = 8.0;
				MTL_ENABLE_DEBUG_INFO = YES;
				ONLY_ACTIVE_ARCH = YES;
				SDKROOT = iphoneos;
				SWIFT_OPTIMIZATION_LEVEL = "-Onone";
			};
			name = Debug;
		};
		0828A067198291AA009393DF /* Release */ = {
			isa = XCBuildConfiguration;
			buildSettings = {
				ALWAYS_SEARCH_USER_PATHS = NO;
				CLANG_CXX_LANGUAGE_STANDARD = "gnu++0x";
				CLANG_CXX_LIBRARY = "libc++";
				CLANG_ENABLE_MODULES = YES;
				CLANG_ENABLE_OBJC_ARC = YES;
				CLANG_WARN_BOOL_CONVERSION = YES;
				CLANG_WARN_CONSTANT_CONVERSION = YES;
				CLANG_WARN_DIRECT_OBJC_ISA_USAGE = YES_ERROR;
				CLANG_WARN_EMPTY_BODY = YES;
				CLANG_WARN_ENUM_CONVERSION = YES;
				CLANG_WARN_INT_CONVERSION = YES;
				CLANG_WARN_OBJC_ROOT_CLASS = YES_ERROR;
				CLANG_WARN_UNREACHABLE_CODE = YES;
				CLANG_WARN__DUPLICATE_METHOD_MATCH = YES;
				"CODE_SIGN_IDENTITY[sdk=iphoneos*]" = "iPhone Developer";
				COPY_PHASE_STRIP = YES;
				ENABLE_NS_ASSERTIONS = NO;
				ENABLE_STRICT_OBJC_MSGSEND = YES;
				GCC_C_LANGUAGE_STANDARD = gnu99;
				GCC_WARN_64_TO_32_BIT_CONVERSION = YES;
				GCC_WARN_ABOUT_RETURN_TYPE = YES_ERROR;
				GCC_WARN_UNDECLARED_SELECTOR = YES;
				GCC_WARN_UNINITIALIZED_AUTOS = YES_AGGRESSIVE;
				GCC_WARN_UNUSED_FUNCTION = YES;
				GCC_WARN_UNUSED_VARIABLE = YES;
				IPHONEOS_DEPLOYMENT_TARGET = 8.0;
				MTL_ENABLE_DEBUG_INFO = NO;
				SDKROOT = iphoneos;
				VALIDATE_PRODUCT = YES;
			};
			name = Release;
		};
		0828A069198291AA009393DF /* Debug */ = {
			isa = XCBuildConfiguration;
			buildSettings = {
				ASSETCATALOG_COMPILER_APPICON_NAME = AppIcon;
				ASSETCATALOG_COMPILER_LAUNCHIMAGE_NAME = LaunchImage;
				INFOPLIST_FILE = "Map-swift/Info.plist";
				LD_RUNPATH_SEARCH_PATHS = "$(inherited) @executable_path/Frameworks";
				PRODUCT_NAME = "$(TARGET_NAME)";
			};
			name = Debug;
		};
		0828A06A198291AA009393DF /* Release */ = {
			isa = XCBuildConfiguration;
			buildSettings = {
				ASSETCATALOG_COMPILER_APPICON_NAME = AppIcon;
				ASSETCATALOG_COMPILER_LAUNCHIMAGE_NAME = LaunchImage;
				INFOPLIST_FILE = "Map-swift/Info.plist";
				LD_RUNPATH_SEARCH_PATHS = "$(inherited) @executable_path/Frameworks";
				PRODUCT_NAME = "$(TARGET_NAME)";
			};
			name = Release;
		};
		0828A06C198291AA009393DF /* Debug */ = {
			isa = XCBuildConfiguration;
			buildSettings = {
				BUNDLE_LOADER = "$(BUILT_PRODUCTS_DIR)/Map-swift.app/Map-swift";
				FRAMEWORK_SEARCH_PATHS = (
					"$(SDKROOT)/Developer/Library/Frameworks",
					"$(inherited)",
				);
				GCC_PREPROCESSOR_DEFINITIONS = (
					"DEBUG=1",
					"$(inherited)",
				);
				INFOPLIST_FILE = "Map-swiftTests/Info.plist";
				LD_RUNPATH_SEARCH_PATHS = "$(inherited) @executable_path/Frameworks @loader_path/Frameworks";
				PRODUCT_NAME = "$(TARGET_NAME)";
				TEST_HOST = "$(BUNDLE_LOADER)";
			};
			name = Debug;
		};
		0828A06D198291AA009393DF /* Release */ = {
			isa = XCBuildConfiguration;
			buildSettings = {
				BUNDLE_LOADER = "$(BUILT_PRODUCTS_DIR)/Map-swift.app/Map-swift";
				FRAMEWORK_SEARCH_PATHS = (
					"$(SDKROOT)/Developer/Library/Frameworks",
					"$(inherited)",
				);
				INFOPLIST_FILE = "Map-swiftTests/Info.plist";
				LD_RUNPATH_SEARCH_PATHS = "$(inherited) @executable_path/Frameworks @loader_path/Frameworks";
				PRODUCT_NAME = "$(TARGET_NAME)";
				TEST_HOST = "$(BUNDLE_LOADER)";
			};
			name = Release;
		};
/* End XCBuildConfiguration section */

/* Begin XCConfigurationList section */
		0828A04C198291AA009393DF /* Build configuration list for PBXProject "Map-swift" */ = {
			isa = XCConfigurationList;
			buildConfigurations = (
				0828A066198291AA009393DF /* Debug */,
				0828A067198291AA009393DF /* Release */,
			);
			defaultConfigurationIsVisible = 0;
			defaultConfigurationName = Release;
		};
		0828A068198291AA009393DF /* Build configuration list for PBXNativeTarget "Map-swift" */ = {
			isa = XCConfigurationList;
			buildConfigurations = (
				0828A069198291AA009393DF /* Debug */,
				0828A06A198291AA009393DF /* Release */,
			);
			defaultConfigurationIsVisible = 0;
		};
		0828A06B198291AA009393DF /* Build configuration list for PBXNativeTarget "Map-swiftTests" */ = {
			isa = XCConfigurationList;
			buildConfigurations = (
				0828A06C198291AA009393DF /* Debug */,
				0828A06D198291AA009393DF /* Release */,
			);
			defaultConfigurationIsVisible = 0;
		};
/* End XCConfigurationList section */
	};
	rootObject = 0828A049198291A9009393DF /* Project object */;
}
